// !$*UTF8*$!
{
	archiveVersion = 1;
	classes = {
	};
	objectVersion = 56;
	objects = {

/* Begin PBXBuildFile section */
		CE20921A2A4EBA0A00725A46 /* click.m4a in Resources */ = {isa = PBXBuildFile; fileRef = CE2092192A4EBA0A00725A46 /* click.m4a */; };
		CE20921D2A4EBA6400725A46 /* AudioPlayerService.swift in Sources */ = {isa = PBXBuildFile; fileRef = CE20921C2A4EBA6400725A46 /* AudioPlayerService.swift */; };
		CE8BB1252A4C18A1003F3C04 /* UIResponder+Extension.swift in Sources */ = {isa = PBXBuildFile; fileRef = CE8BB1242A4C18A1003F3C04 /* UIResponder+Extension.swift */; };
		CE8BB1272A4C2B3A003F3C04 /* Int+Extension.swift in Sources */ = {isa = PBXBuildFile; fileRef = CE8BB1262A4C2B3A003F3C04 /* Int+Extension.swift */; };
		CE8BB1292A4C3900003F3C04 /* Double+Extension.swift in Sources */ = {isa = PBXBuildFile; fileRef = CE8BB1282A4C3900003F3C04 /* Double+Extension.swift */; };
		CE9CA47A2A4964F400AECD10 /* AppDelegate.swift in Sources */ = {isa = PBXBuildFile; fileRef = CE9CA4792A4964F400AECD10 /* AppDelegate.swift */; };
		CE9CA47C2A4964F400AECD10 /* SceneDelegate.swift in Sources */ = {isa = PBXBuildFile; fileRef = CE9CA47B2A4964F400AECD10 /* SceneDelegate.swift */; };
		CE9CA4832A4964F600AECD10 /* Assets.xcassets in Resources */ = {isa = PBXBuildFile; fileRef = CE9CA4822A4964F600AECD10 /* Assets.xcassets */; };
		CE9CA4862A4964F600AECD10 /* LaunchScreen.storyboard in Resources */ = {isa = PBXBuildFile; fileRef = CE9CA4842A4964F600AECD10 /* LaunchScreen.storyboard */; };
		CE9CA4912A4964F600AECD10 /* CalculatorTests.swift in Sources */ = {isa = PBXBuildFile; fileRef = CE9CA4902A4964F600AECD10 /* CalculatorTests.swift */; };
		CE9CA49B2A4964F600AECD10 /* CalculatorUITests.swift in Sources */ = {isa = PBXBuildFile; fileRef = CE9CA49A2A4964F600AECD10 /* CalculatorUITests.swift */; };
		CE9CA49D2A4964F600AECD10 /* CalculatorUITestsLaunchTests.swift in Sources */ = {isa = PBXBuildFile; fileRef = CE9CA49C2A4964F600AECD10 /* CalculatorUITestsLaunchTests.swift */; };
		CE9CA4AE2A4969AE00AECD10 /* SnapKit in Frameworks */ = {isa = PBXBuildFile; productRef = CE9CA4AD2A4969AE00AECD10 /* SnapKit */; };
		CE9CA4B32A496A7300AECD10 /* SnapshotTesting in Frameworks */ = {isa = PBXBuildFile; productRef = CE9CA4B22A496A7300AECD10 /* SnapshotTesting */; };
		CE9CA4BD2A49740500AECD10 /* Calculator.Views.swift in Sources */ = {isa = PBXBuildFile; fileRef = CE9CA4B62A49740500AECD10 /* Calculator.Views.swift */; };
		CE9CA4BE2A49740500AECD10 /* Calculator.VC.swift in Sources */ = {isa = PBXBuildFile; fileRef = CE9CA4B72A49740500AECD10 /* Calculator.VC.swift */; };
		CE9CA4BF2A49740500AECD10 /* Calculator.Models.swift in Sources */ = {isa = PBXBuildFile; fileRef = CE9CA4B82A49740500AECD10 /* Calculator.Models.swift */; };
		CE9CA4C12A49740500AECD10 /* Calculator.VM.swift in Sources */ = {isa = PBXBuildFile; fileRef = CE9CA4BA2A49740500AECD10 /* Calculator.VM.swift */; };
		CE9CA4C22A49740500AECD10 /* Calculator.VO.swift in Sources */ = {isa = PBXBuildFile; fileRef = CE9CA4BB2A49740500AECD10 /* Calculator.VO.swift */; };
		CE9CA4C32A49740500AECD10 /* Calculator.swift in Sources */ = {isa = PBXBuildFile; fileRef = CE9CA4BC2A49740500AECD10 /* Calculator.swift */; };
		CE9CA4C62A4974C800AECD10 /* Calculator.Views.LogoView.swift in Sources */ = {isa = PBXBuildFile; fileRef = CE9CA4C52A4974C800AECD10 /* Calculator.Views.LogoView.swift */; };
		CE9CA4C92A49752400AECD10 /* Calculator.Views.ResultView.swift in Sources */ = {isa = PBXBuildFile; fileRef = CE9CA4C82A49752400AECD10 /* Calculator.Views.ResultView.swift */; };
		CE9CA4CB2A4975D100AECD10 /* Calculator.Views.BillInputView.swift in Sources */ = {isa = PBXBuildFile; fileRef = CE9CA4CA2A4975D100AECD10 /* Calculator.Views.BillInputView.swift */; };
		CE9CA4CD2A4975F500AECD10 /* Calculator.Views.TipView.swift in Sources */ = {isa = PBXBuildFile; fileRef = CE9CA4CC2A4975F500AECD10 /* Calculator.Views.TipView.swift */; };
		CE9CA4CF2A49761900AECD10 /* Calculator.Views.SplitView.swift in Sources */ = {isa = PBXBuildFile; fileRef = CE9CA4CE2A49761900AECD10 /* Calculator.Views.SplitView.swift */; };
		CE9CA4D52A497D7C00AECD10 /* CombineCocoa in Frameworks */ = {isa = PBXBuildFile; productRef = CE9CA4D42A497D7C00AECD10 /* CombineCocoa */; };
		CE9CA4D82A497D8A00AECD10 /* CombineCocoa in Frameworks */ = {isa = PBXBuildFile; productRef = CE9CA4D72A497D8A00AECD10 /* CombineCocoa */; };
		CE9CA4DA2A497D8E00AECD10 /* CombineCocoa in Frameworks */ = {isa = PBXBuildFile; productRef = CE9CA4D92A497D8E00AECD10 /* CombineCocoa */; };
		CE9CA4DF2A49805C00AECD10 /* UIColor+Extension.swift in Sources */ = {isa = PBXBuildFile; fileRef = CE9CA4DE2A49805C00AECD10 /* UIColor+Extension.swift */; };
		CE9CA4E12A49807000AECD10 /* ThemeColor.swift in Sources */ = {isa = PBXBuildFile; fileRef = CE9CA4E02A49807000AECD10 /* ThemeColor.swift */; };
		CE9CA4E32A49911C00AECD10 /* String+Extension.swift in Sources */ = {isa = PBXBuildFile; fileRef = CE9CA4E22A49911C00AECD10 /* String+Extension.swift */; };
		CE9CA4E52A49914D00AECD10 /* NSAttributeString+Extension.swift in Sources */ = {isa = PBXBuildFile; fileRef = CE9CA4E42A49914D00AECD10 /* NSAttributeString+Extension.swift */; };
/* End PBXBuildFile section */

/* Begin PBXContainerItemProxy section */
		CE9CA48D2A4964F600AECD10 /* PBXContainerItemProxy */ = {
			isa = PBXContainerItemProxy;
			containerPortal = CE9CA46E2A4964F400AECD10 /* Project object */;
			proxyType = 1;
			remoteGlobalIDString = CE9CA4752A4964F400AECD10;
			remoteInfo = Calculator;
		};
		CE9CA4972A4964F600AECD10 /* PBXContainerItemProxy */ = {
			isa = PBXContainerItemProxy;
			containerPortal = CE9CA46E2A4964F400AECD10 /* Project object */;
			proxyType = 1;
			remoteGlobalIDString = CE9CA4752A4964F400AECD10;
			remoteInfo = Calculator;
		};
/* End PBXContainerItemProxy section */

/* Begin PBXFileReference section */
		CE2092192A4EBA0A00725A46 /* click.m4a */ = {isa = PBXFileReference; lastKnownFileType = file; path = click.m4a; sourceTree = "<group>"; };
		CE20921C2A4EBA6400725A46 /* AudioPlayerService.swift */ = {isa = PBXFileReference; lastKnownFileType = sourcecode.swift; path = AudioPlayerService.swift; sourceTree = "<group>"; };
		CE8BB1242A4C18A1003F3C04 /* UIResponder+Extension.swift */ = {isa = PBXFileReference; lastKnownFileType = sourcecode.swift; path = "UIResponder+Extension.swift"; sourceTree = "<group>"; };
		CE8BB1262A4C2B3A003F3C04 /* Int+Extension.swift */ = {isa = PBXFileReference; lastKnownFileType = sourcecode.swift; path = "Int+Extension.swift"; sourceTree = "<group>"; };
		CE8BB1282A4C3900003F3C04 /* Double+Extension.swift */ = {isa = PBXFileReference; lastKnownFileType = sourcecode.swift; path = "Double+Extension.swift"; sourceTree = "<group>"; };
		CE9CA4762A4964F400AECD10 /* Calculator.app */ = {isa = PBXFileReference; explicitFileType = wrapper.application; includeInIndex = 0; path = Calculator.app; sourceTree = BUILT_PRODUCTS_DIR; };
		CE9CA4792A4964F400AECD10 /* AppDelegate.swift */ = {isa = PBXFileReference; lastKnownFileType = sourcecode.swift; path = AppDelegate.swift; sourceTree = "<group>"; };
		CE9CA47B2A4964F400AECD10 /* SceneDelegate.swift */ = {isa = PBXFileReference; lastKnownFileType = sourcecode.swift; path = SceneDelegate.swift; sourceTree = "<group>"; };
		CE9CA4822A4964F600AECD10 /* Assets.xcassets */ = {isa = PBXFileReference; lastKnownFileType = folder.assetcatalog; path = Assets.xcassets; sourceTree = "<group>"; };
		CE9CA4852A4964F600AECD10 /* Base */ = {isa = PBXFileReference; lastKnownFileType = file.storyboard; name = Base; path = Base.lproj/LaunchScreen.storyboard; sourceTree = "<group>"; };
		CE9CA4872A4964F600AECD10 /* Info.plist */ = {isa = PBXFileReference; lastKnownFileType = text.plist.xml; path = Info.plist; sourceTree = "<group>"; };
		CE9CA48C2A4964F600AECD10 /* CalculatorTests.xctest */ = {isa = PBXFileReference; explicitFileType = wrapper.cfbundle; includeInIndex = 0; path = CalculatorTests.xctest; sourceTree = BUILT_PRODUCTS_DIR; };
		CE9CA4902A4964F600AECD10 /* CalculatorTests.swift */ = {isa = PBXFileReference; lastKnownFileType = sourcecode.swift; path = CalculatorTests.swift; sourceTree = "<group>"; };
		CE9CA4962A4964F600AECD10 /* CalculatorUITests.xctest */ = {isa = PBXFileReference; explicitFileType = wrapper.cfbundle; includeInIndex = 0; path = CalculatorUITests.xctest; sourceTree = BUILT_PRODUCTS_DIR; };
		CE9CA49A2A4964F600AECD10 /* CalculatorUITests.swift */ = {isa = PBXFileReference; lastKnownFileType = sourcecode.swift; path = CalculatorUITests.swift; sourceTree = "<group>"; };
		CE9CA49C2A4964F600AECD10 /* CalculatorUITestsLaunchTests.swift */ = {isa = PBXFileReference; lastKnownFileType = sourcecode.swift; path = CalculatorUITestsLaunchTests.swift; sourceTree = "<group>"; };
		CE9CA4B62A49740500AECD10 /* Calculator.Views.swift */ = {isa = PBXFileReference; lastKnownFileType = sourcecode.swift; path = Calculator.Views.swift; sourceTree = "<group>"; };
		CE9CA4B72A49740500AECD10 /* Calculator.VC.swift */ = {isa = PBXFileReference; lastKnownFileType = sourcecode.swift; path = Calculator.VC.swift; sourceTree = "<group>"; };
		CE9CA4B82A49740500AECD10 /* Calculator.Models.swift */ = {isa = PBXFileReference; lastKnownFileType = sourcecode.swift; path = Calculator.Models.swift; sourceTree = "<group>"; };
		CE9CA4BA2A49740500AECD10 /* Calculator.VM.swift */ = {isa = PBXFileReference; lastKnownFileType = sourcecode.swift; path = Calculator.VM.swift; sourceTree = "<group>"; };
		CE9CA4BB2A49740500AECD10 /* Calculator.VO.swift */ = {isa = PBXFileReference; lastKnownFileType = sourcecode.swift; path = Calculator.VO.swift; sourceTree = "<group>"; };
		CE9CA4BC2A49740500AECD10 /* Calculator.swift */ = {isa = PBXFileReference; lastKnownFileType = sourcecode.swift; path = Calculator.swift; sourceTree = "<group>"; };
		CE9CA4C52A4974C800AECD10 /* Calculator.Views.LogoView.swift */ = {isa = PBXFileReference; lastKnownFileType = sourcecode.swift; path = Calculator.Views.LogoView.swift; sourceTree = "<group>"; };
		CE9CA4C82A49752400AECD10 /* Calculator.Views.ResultView.swift */ = {isa = PBXFileReference; lastKnownFileType = sourcecode.swift; path = Calculator.Views.ResultView.swift; sourceTree = "<group>"; };
		CE9CA4CA2A4975D100AECD10 /* Calculator.Views.BillInputView.swift */ = {isa = PBXFileReference; lastKnownFileType = sourcecode.swift; path = Calculator.Views.BillInputView.swift; sourceTree = "<group>"; };
		CE9CA4CC2A4975F500AECD10 /* Calculator.Views.TipView.swift */ = {isa = PBXFileReference; lastKnownFileType = sourcecode.swift; path = Calculator.Views.TipView.swift; sourceTree = "<group>"; };
		CE9CA4CE2A49761900AECD10 /* Calculator.Views.SplitView.swift */ = {isa = PBXFileReference; lastKnownFileType = sourcecode.swift; path = Calculator.Views.SplitView.swift; sourceTree = "<group>"; };
		CE9CA4DE2A49805C00AECD10 /* UIColor+Extension.swift */ = {isa = PBXFileReference; lastKnownFileType = sourcecode.swift; path = "UIColor+Extension.swift"; sourceTree = "<group>"; };
		CE9CA4E02A49807000AECD10 /* ThemeColor.swift */ = {isa = PBXFileReference; lastKnownFileType = sourcecode.swift; path = ThemeColor.swift; sourceTree = "<group>"; };
		CE9CA4E22A49911C00AECD10 /* String+Extension.swift */ = {isa = PBXFileReference; lastKnownFileType = sourcecode.swift; path = "String+Extension.swift"; sourceTree = "<group>"; };
		CE9CA4E42A49914D00AECD10 /* NSAttributeString+Extension.swift */ = {isa = PBXFileReference; lastKnownFileType = sourcecode.swift; path = "NSAttributeString+Extension.swift"; sourceTree = "<group>"; };
/* End PBXFileReference section */

/* Begin PBXFrameworksBuildPhase section */
		CE9CA4732A4964F400AECD10 /* Frameworks */ = {
			isa = PBXFrameworksBuildPhase;
			buildActionMask = 2147483647;
			files = (
				CE9CA4D52A497D7C00AECD10 /* CombineCocoa in Frameworks */,
				CE9CA4AE2A4969AE00AECD10 /* SnapKit in Frameworks */,
			);
			runOnlyForDeploymentPostprocessing = 0;
		};
		CE9CA4892A4964F600AECD10 /* Frameworks */ = {
			isa = PBXFrameworksBuildPhase;
			buildActionMask = 2147483647;
			files = (
				CE9CA4D82A497D8A00AECD10 /* CombineCocoa in Frameworks */,
				CE9CA4B32A496A7300AECD10 /* SnapshotTesting in Frameworks */,
			);
			runOnlyForDeploymentPostprocessing = 0;
		};
		CE9CA4932A4964F600AECD10 /* Frameworks */ = {
			isa = PBXFrameworksBuildPhase;
			buildActionMask = 2147483647;
			files = (
				CE9CA4DA2A497D8E00AECD10 /* CombineCocoa in Frameworks */,
			);
			runOnlyForDeploymentPostprocessing = 0;
		};
/* End PBXFrameworksBuildPhase section */

/* Begin PBXGroup section */
		CE2092182A4EB9FD00725A46 /* Resource */ = {
			isa = PBXGroup;
			children = (
				CE9CA4822A4964F600AECD10 /* Assets.xcassets */,
				CE2092192A4EBA0A00725A46 /* click.m4a */,
			);
			path = Resource;
			sourceTree = "<group>";
		};
		CE20921B2A4EBA4B00725A46 /* Service */ = {
			isa = PBXGroup;
			children = (
				CE20921C2A4EBA6400725A46 /* AudioPlayerService.swift */,
			);
			path = Service;
			sourceTree = "<group>";
		};
		CE9CA46D2A4964F400AECD10 = {
			isa = PBXGroup;
			children = (
				CE9CA4782A4964F400AECD10 /* Calculator */,
				CE9CA48F2A4964F600AECD10 /* CalculatorTests */,
				CE9CA4992A4964F600AECD10 /* CalculatorUITests */,
				CE9CA4772A4964F400AECD10 /* Products */,
				CE9CA4D62A497D8A00AECD10 /* Frameworks */,
			);
			sourceTree = "<group>";
		};
		CE9CA4772A4964F400AECD10 /* Products */ = {
			isa = PBXGroup;
			children = (
				CE9CA4762A4964F400AECD10 /* Calculator.app */,
				CE9CA48C2A4964F600AECD10 /* CalculatorTests.xctest */,
				CE9CA4962A4964F600AECD10 /* CalculatorUITests.xctest */,
			);
			name = Products;
			sourceTree = "<group>";
		};
		CE9CA4782A4964F400AECD10 /* Calculator */ = {
			isa = PBXGroup;
			children = (
				CE9CA4792A4964F400AECD10 /* AppDelegate.swift */,
				CE9CA47B2A4964F400AECD10 /* SceneDelegate.swift */,
				CE9CA4842A4964F600AECD10 /* LaunchScreen.storyboard */,
				CE9CA4872A4964F600AECD10 /* Info.plist */,
				CE20921B2A4EBA4B00725A46 /* Service */,
				CE2092182A4EB9FD00725A46 /* Resource */,
				CE9CA4DD2A49803300AECD10 /* Tip-Calculator */,
				CE9CA4DC2A49802500AECD10 /* Extension */,
				CE9CA4DB2A49801A00AECD10 /* Config */,
			);
			path = Calculator;
			sourceTree = "<group>";
		};
		CE9CA48F2A4964F600AECD10 /* CalculatorTests */ = {
			isa = PBXGroup;
			children = (
				CE9CA4902A4964F600AECD10 /* CalculatorTests.swift */,
			);
			path = CalculatorTests;
			sourceTree = "<group>";
		};
		CE9CA4992A4964F600AECD10 /* CalculatorUITests */ = {
			isa = PBXGroup;
			children = (
				CE9CA49A2A4964F600AECD10 /* CalculatorUITests.swift */,
				CE9CA49C2A4964F600AECD10 /* CalculatorUITestsLaunchTests.swift */,
			);
			path = CalculatorUITests;
			sourceTree = "<group>";
		};
		CE9CA4C42A49745B00AECD10 /* Views */ = {
			isa = PBXGroup;
			children = (
				CE9CA4C52A4974C800AECD10 /* Calculator.Views.LogoView.swift */,
				CE9CA4C82A49752400AECD10 /* Calculator.Views.ResultView.swift */,
				CE9CA4CA2A4975D100AECD10 /* Calculator.Views.BillInputView.swift */,
				CE9CA4CC2A4975F500AECD10 /* Calculator.Views.TipView.swift */,
				CE9CA4CE2A49761900AECD10 /* Calculator.Views.SplitView.swift */,
			);
			path = Views;
			sourceTree = "<group>";
		};
		CE9CA4D62A497D8A00AECD10 /* Frameworks */ = {
			isa = PBXGroup;
			children = (
			);
			name = Frameworks;
			sourceTree = "<group>";
		};
		CE9CA4DB2A49801A00AECD10 /* Config */ = {
			isa = PBXGroup;
			children = (
				CE9CA4E02A49807000AECD10 /* ThemeColor.swift */,
			);
			path = Config;
			sourceTree = "<group>";
		};
		CE9CA4DC2A49802500AECD10 /* Extension */ = {
			isa = PBXGroup;
			children = (
				CE9CA4DE2A49805C00AECD10 /* UIColor+Extension.swift */,
				CE9CA4E22A49911C00AECD10 /* String+Extension.swift */,
				CE9CA4E42A49914D00AECD10 /* NSAttributeString+Extension.swift */,
				CE8BB1242A4C18A1003F3C04 /* UIResponder+Extension.swift */,
				CE8BB1262A4C2B3A003F3C04 /* Int+Extension.swift */,
				CE8BB1282A4C3900003F3C04 /* Double+Extension.swift */,
			);
			path = Extension;
			sourceTree = "<group>";
		};
		CE9CA4DD2A49803300AECD10 /* Tip-Calculator */ = {
			isa = PBXGroup;
			children = (
				CE9CA4C42A49745B00AECD10 /* Views */,
				CE9CA4B62A49740500AECD10 /* Calculator.Views.swift */,
				CE9CA4B72A49740500AECD10 /* Calculator.VC.swift */,
				CE9CA4B82A49740500AECD10 /* Calculator.Models.swift */,
				CE9CA4BA2A49740500AECD10 /* Calculator.VM.swift */,
				CE9CA4BB2A49740500AECD10 /* Calculator.VO.swift */,
				CE9CA4BC2A49740500AECD10 /* Calculator.swift */,
			);
			path = "Tip-Calculator";
			sourceTree = "<group>";
		};
/* End PBXGroup section */

/* Begin PBXNativeTarget section */
		CE9CA4752A4964F400AECD10 /* Calculator */ = {
			isa = PBXNativeTarget;
			buildConfigurationList = CE9CA4A02A4964F600AECD10 /* Build configuration list for PBXNativeTarget "Calculator" */;
			buildPhases = (
				1F5941B459464EC5AB696624 /* [CP] Check Pods Manifest.lock */,
				CE9CA4722A4964F400AECD10 /* Sources */,
				CE9CA4732A4964F400AECD10 /* Frameworks */,
				CE9CA4742A4964F400AECD10 /* Resources */,
			);
			buildRules = (
			);
			dependencies = (
			);
			name = Calculator;
			packageProductDependencies = (
				CE9CA4AD2A4969AE00AECD10 /* SnapKit */,
				CE9CA4D42A497D7C00AECD10 /* CombineCocoa */,
			);
			productName = Calculator;
			productReference = CE9CA4762A4964F400AECD10 /* Calculator.app */;
			productType = "com.apple.product-type.application";
		};
		CE9CA48B2A4964F600AECD10 /* CalculatorTests */ = {
			isa = PBXNativeTarget;
			buildConfigurationList = CE9CA4A32A4964F600AECD10 /* Build configuration list for PBXNativeTarget "CalculatorTests" */;
			buildPhases = (
				B2A33DAF40AFEE9C8F3E6F95 /* [CP] Check Pods Manifest.lock */,
				CE9CA4882A4964F600AECD10 /* Sources */,
				CE9CA4892A4964F600AECD10 /* Frameworks */,
				CE9CA48A2A4964F600AECD10 /* Resources */,
			);
			buildRules = (
			);
			dependencies = (
				CE9CA48E2A4964F600AECD10 /* PBXTargetDependency */,
			);
			name = CalculatorTests;
			packageProductDependencies = (
				CE9CA4B22A496A7300AECD10 /* SnapshotTesting */,
				CE9CA4D72A497D8A00AECD10 /* CombineCocoa */,
			);
			productName = CalculatorTests;
			productReference = CE9CA48C2A4964F600AECD10 /* CalculatorTests.xctest */;
			productType = "com.apple.product-type.bundle.unit-test";
		};
		CE9CA4952A4964F600AECD10 /* CalculatorUITests */ = {
			isa = PBXNativeTarget;
			buildConfigurationList = CE9CA4A62A4964F600AECD10 /* Build configuration list for PBXNativeTarget "CalculatorUITests" */;
			buildPhases = (
				78980A23F379FE9928C1588E /* [CP] Check Pods Manifest.lock */,
				CE9CA4922A4964F600AECD10 /* Sources */,
				CE9CA4932A4964F600AECD10 /* Frameworks */,
				CE9CA4942A4964F600AECD10 /* Resources */,
				D5844C5772C49AB83216E8A7 /* [CP] Embed Pods Frameworks */,
			);
			buildRules = (
			);
			dependencies = (
				CE9CA4982A4964F600AECD10 /* PBXTargetDependency */,
			);
			name = CalculatorUITests;
			packageProductDependencies = (
				CE9CA4D92A497D8E00AECD10 /* CombineCocoa */,
			);
			productName = CalculatorUITests;
			productReference = CE9CA4962A4964F600AECD10 /* CalculatorUITests.xctest */;
			productType = "com.apple.product-type.bundle.ui-testing";
		};
/* End PBXNativeTarget section */

/* Begin PBXProject section */
		CE9CA46E2A4964F400AECD10 /* Project object */ = {
			isa = PBXProject;
			attributes = {
				BuildIndependentTargetsInParallel = 1;
				LastSwiftUpdateCheck = 1430;
				LastUpgradeCheck = 1430;
				TargetAttributes = {
					CE9CA4752A4964F400AECD10 = {
						CreatedOnToolsVersion = 14.3.1;
					};
					CE9CA48B2A4964F600AECD10 = {
						CreatedOnToolsVersion = 14.3.1;
						TestTargetID = CE9CA4752A4964F400AECD10;
					};
					CE9CA4952A4964F600AECD10 = {
						CreatedOnToolsVersion = 14.3.1;
						TestTargetID = CE9CA4752A4964F400AECD10;
					};
				};
			};
			buildConfigurationList = CE9CA4712A4964F400AECD10 /* Build configuration list for PBXProject "Calculator" */;
			compatibilityVersion = "Xcode 14.0";
			developmentRegion = en;
			hasScannedForEncodings = 0;
			knownRegions = (
				en,
				Base,
			);
			mainGroup = CE9CA46D2A4964F400AECD10;
			packageReferences = (
				CE9CA4AC2A4969AE00AECD10 /* XCRemoteSwiftPackageReference "SnapKit" */,
				CE9CA4B12A496A7300AECD10 /* XCRemoteSwiftPackageReference "swift-snapshot-testing" */,
				CE9CA4D32A497D7C00AECD10 /* XCRemoteSwiftPackageReference "CombineCocoa" */,
			);
			productRefGroup = CE9CA4772A4964F400AECD10 /* Products */;
			projectDirPath = "";
			projectRoot = "";
			targets = (
				CE9CA4752A4964F400AECD10 /* Calculator */,
				CE9CA48B2A4964F600AECD10 /* CalculatorTests */,
				CE9CA4952A4964F600AECD10 /* CalculatorUITests */,
			);
		};
/* End PBXProject section */

/* Begin PBXResourcesBuildPhase section */
		CE9CA4742A4964F400AECD10 /* Resources */ = {
			isa = PBXResourcesBuildPhase;
			buildActionMask = 2147483647;
			files = (
				CE20921A2A4EBA0A00725A46 /* click.m4a in Resources */,
				CE9CA4862A4964F600AECD10 /* LaunchScreen.storyboard in Resources */,
				CE9CA4832A4964F600AECD10 /* Assets.xcassets in Resources */,
			);
			runOnlyForDeploymentPostprocessing = 0;
		};
		CE9CA48A2A4964F600AECD10 /* Resources */ = {
			isa = PBXResourcesBuildPhase;
			buildActionMask = 2147483647;
			files = (
			);
			runOnlyForDeploymentPostprocessing = 0;
		};
		CE9CA4942A4964F600AECD10 /* Resources */ = {
			isa = PBXResourcesBuildPhase;
			buildActionMask = 2147483647;
			files = (
			);
			runOnlyForDeploymentPostprocessing = 0;
		};
/* End PBXResourcesBuildPhase section */

/* Begin PBXShellScriptBuildPhase section */
		1F5941B459464EC5AB696624 /* [CP] Check Pods Manifest.lock */ = {
			isa = PBXShellScriptBuildPhase;
			buildActionMask = 2147483647;
			files = (
			);
			inputFileListPaths = (
			);
			inputPaths = (
				"${PODS_PODFILE_DIR_PATH}/Podfile.lock",
				"${PODS_ROOT}/Manifest.lock",
			);
			name = "[CP] Check Pods Manifest.lock";
			outputFileListPaths = (
			);
			outputPaths = (
				"$(DERIVED_FILE_DIR)/Pods-Calculator-checkManifestLockResult.txt",
			);
			runOnlyForDeploymentPostprocessing = 0;
			shellPath = /bin/sh;
			shellScript = "#diff \"${PODS_PODFILE_DIR_PATH}/Podfile.lock\" \"${PODS_ROOT}/Manifest.lock\" > /dev/null\n#if [ $? != 0 ] ; then\n    # print error to STDERR\n    #echo \"error: The sandbox is not in sync with the Podfile.lock. Run 'pod install' or update your CocoaPods installation.\" >&2\n    #exit 1\n#fi\n# This output is used by Xcode 'outputs' to avoid re-running this script phase.\necho \"SUCCESS\" > \"${SCRIPT_OUTPUT_FILE_0}\"\n";
			showEnvVarsInLog = 0;
		};
		78980A23F379FE9928C1588E /* [CP] Check Pods Manifest.lock */ = {
			isa = PBXShellScriptBuildPhase;
			buildActionMask = 2147483647;
			files = (
			);
			inputFileListPaths = (
			);
			inputPaths = (
				"${PODS_PODFILE_DIR_PATH}/Podfile.lock",
				"${PODS_ROOT}/Manifest.lock",
			);
			name = "[CP] Check Pods Manifest.lock";
			outputFileListPaths = (
			);
			outputPaths = (
				"$(DERIVED_FILE_DIR)/Pods-Calculator-CalculatorUITests-checkManifestLockResult.txt",
			);
			runOnlyForDeploymentPostprocessing = 0;
			shellPath = /bin/sh;
			shellScript = "diff \"${PODS_PODFILE_DIR_PATH}/Podfile.lock\" \"${PODS_ROOT}/Manifest.lock\" > /dev/null\nif [ $? != 0 ] ; then\n    # print error to STDERR\n    echo \"error: The sandbox is not in sync with the Podfile.lock. Run 'pod install' or update your CocoaPods installation.\" >&2\n    exit 1\nfi\n# This output is used by Xcode 'outputs' to avoid re-running this script phase.\necho \"SUCCESS\" > \"${SCRIPT_OUTPUT_FILE_0}\"\n";
			showEnvVarsInLog = 0;
		};
		B2A33DAF40AFEE9C8F3E6F95 /* [CP] Check Pods Manifest.lock */ = {
			isa = PBXShellScriptBuildPhase;
			buildActionMask = 2147483647;
			files = (
			);
			inputFileListPaths = (
			);
			inputPaths = (
				"${PODS_PODFILE_DIR_PATH}/Podfile.lock",
				"${PODS_ROOT}/Manifest.lock",
			);
			name = "[CP] Check Pods Manifest.lock";
			outputFileListPaths = (
			);
			outputPaths = (
				"$(DERIVED_FILE_DIR)/Pods-CalculatorTests-checkManifestLockResult.txt",
			);
			runOnlyForDeploymentPostprocessing = 0;
			shellPath = /bin/sh;
			shellScript = "diff \"${PODS_PODFILE_DIR_PATH}/Podfile.lock\" \"${PODS_ROOT}/Manifest.lock\" > /dev/null\nif [ $? != 0 ] ; then\n    # print error to STDERR\n    echo \"error: The sandbox is not in sync with the Podfile.lock. Run 'pod install' or update your CocoaPods installation.\" >&2\n    exit 1\nfi\n# This output is used by Xcode 'outputs' to avoid re-running this script phase.\necho \"SUCCESS\" > \"${SCRIPT_OUTPUT_FILE_0}\"\n";
			showEnvVarsInLog = 0;
		};
		D5844C5772C49AB83216E8A7 /* [CP] Embed Pods Frameworks */ = {
			isa = PBXShellScriptBuildPhase;
			buildActionMask = 2147483647;
			files = (
			);
			inputFileListPaths = (
				"${PODS_ROOT}/Target Support Files/Pods-Calculator-CalculatorUITests/Pods-Calculator-CalculatorUITests-frameworks-${CONFIGURATION}-input-files.xcfilelist",
			);
			name = "[CP] Embed Pods Frameworks";
			outputFileListPaths = (
				"${PODS_ROOT}/Target Support Files/Pods-Calculator-CalculatorUITests/Pods-Calculator-CalculatorUITests-frameworks-${CONFIGURATION}-output-files.xcfilelist",
			);
			runOnlyForDeploymentPostprocessing = 0;
			shellPath = /bin/sh;
			shellScript = "\"${PODS_ROOT}/Target Support Files/Pods-Calculator-CalculatorUITests/Pods-Calculator-CalculatorUITests-frameworks.sh\"\n";
			showEnvVarsInLog = 0;
		};
/* End PBXShellScriptBuildPhase section */

/* Begin PBXSourcesBuildPhase section */
		CE9CA4722A4964F400AECD10 /* Sources */ = {
			isa = PBXSourcesBuildPhase;
			buildActionMask = 2147483647;
			files = (
				CE8BB1272A4C2B3A003F3C04 /* Int+Extension.swift in Sources */,
				CE9CA4C12A49740500AECD10 /* Calculator.VM.swift in Sources */,
				CE9CA4C22A49740500AECD10 /* Calculator.VO.swift in Sources */,
				CE9CA4C32A49740500AECD10 /* Calculator.swift in Sources */,
				CE9CA47A2A4964F400AECD10 /* AppDelegate.swift in Sources */,
				CE9CA4C62A4974C800AECD10 /* Calculator.Views.LogoView.swift in Sources */,
				CE9CA4CB2A4975D100AECD10 /* Calculator.Views.BillInputView.swift in Sources */,
				CE9CA47C2A4964F400AECD10 /* SceneDelegate.swift in Sources */,
				CE8BB1292A4C3900003F3C04 /* Double+Extension.swift in Sources */,
				CE9CA4BD2A49740500AECD10 /* Calculator.Views.swift in Sources */,
				CE9CA4E52A49914D00AECD10 /* NSAttributeString+Extension.swift in Sources */,
				CE20921D2A4EBA6400725A46 /* AudioPlayerService.swift in Sources */,
				CE9CA4E32A49911C00AECD10 /* String+Extension.swift in Sources */,
				CE9CA4BF2A49740500AECD10 /* Calculator.Models.swift in Sources */,
				CE9CA4DF2A49805C00AECD10 /* UIColor+Extension.swift in Sources */,
				CE9CA4BE2A49740500AECD10 /* Calculator.VC.swift in Sources */,
				CE9CA4C92A49752400AECD10 /* Calculator.Views.ResultView.swift in Sources */,
				CE8BB1252A4C18A1003F3C04 /* UIResponder+Extension.swift in Sources */,
				CE9CA4E12A49807000AECD10 /* ThemeColor.swift in Sources */,
				CE9CA4CF2A49761900AECD10 /* Calculator.Views.SplitView.swift in Sources */,
				CE9CA4CD2A4975F500AECD10 /* Calculator.Views.TipView.swift in Sources */,
			);
			runOnlyForDeploymentPostprocessing = 0;
		};
		CE9CA4882A4964F600AECD10 /* Sources */ = {
			isa = PBXSourcesBuildPhase;
			buildActionMask = 2147483647;
			files = (
				CE9CA4912A4964F600AECD10 /* CalculatorTests.swift in Sources */,
			);
			runOnlyForDeploymentPostprocessing = 0;
		};
		CE9CA4922A4964F600AECD10 /* Sources */ = {
			isa = PBXSourcesBuildPhase;
			buildActionMask = 2147483647;
			files = (
				CE9CA49D2A4964F600AECD10 /* CalculatorUITestsLaunchTests.swift in Sources */,
				CE9CA49B2A4964F600AECD10 /* CalculatorUITests.swift in Sources */,
			);
			runOnlyForDeploymentPostprocessing = 0;
		};
/* End PBXSourcesBuildPhase section */

/* Begin PBXTargetDependency section */
		CE9CA48E2A4964F600AECD10 /* PBXTargetDependency */ = {
			isa = PBXTargetDependency;
			target = CE9CA4752A4964F400AECD10 /* Calculator */;
			targetProxy = CE9CA48D2A4964F600AECD10 /* PBXContainerItemProxy */;
		};
		CE9CA4982A4964F600AECD10 /* PBXTargetDependency */ = {
			isa = PBXTargetDependency;
			target = CE9CA4752A4964F400AECD10 /* Calculator */;
			targetProxy = CE9CA4972A4964F600AECD10 /* PBXContainerItemProxy */;
		};
/* End PBXTargetDependency section */

/* Begin PBXVariantGroup section */
		CE9CA4842A4964F600AECD10 /* LaunchScreen.storyboard */ = {
			isa = PBXVariantGroup;
			children = (
				CE9CA4852A4964F600AECD10 /* Base */,
			);
			name = LaunchScreen.storyboard;
			sourceTree = "<group>";
		};
/* End PBXVariantGroup section */

/* Begin XCBuildConfiguration section */
		CE9CA49E2A4964F600AECD10 /* Debug */ = {
			isa = XCBuildConfiguration;
			buildSettings = {
				ALWAYS_SEARCH_USER_PATHS = NO;
				CLANG_ANALYZER_NONNULL = YES;
				CLANG_ANALYZER_NUMBER_OBJECT_CONVERSION = YES_AGGRESSIVE;
				CLANG_CXX_LANGUAGE_STANDARD = "gnu++20";
				CLANG_ENABLE_MODULES = YES;
				CLANG_ENABLE_OBJC_ARC = YES;
				CLANG_ENABLE_OBJC_WEAK = YES;
				CLANG_WARN_BLOCK_CAPTURE_AUTORELEASING = YES;
				CLANG_WARN_BOOL_CONVERSION = YES;
				CLANG_WARN_COMMA = YES;
				CLANG_WARN_CONSTANT_CONVERSION = YES;
				CLANG_WARN_DEPRECATED_OBJC_IMPLEMENTATIONS = YES;
				CLANG_WARN_DIRECT_OBJC_ISA_USAGE = YES_ERROR;
				CLANG_WARN_DOCUMENTATION_COMMENTS = YES;
				CLANG_WARN_EMPTY_BODY = YES;
				CLANG_WARN_ENUM_CONVERSION = YES;
				CLANG_WARN_INFINITE_RECURSION = YES;
				CLANG_WARN_INT_CONVERSION = YES;
				CLANG_WARN_NON_LITERAL_NULL_CONVERSION = YES;
				CLANG_WARN_OBJC_IMPLICIT_RETAIN_SELF = YES;
				CLANG_WARN_OBJC_LITERAL_CONVERSION = YES;
				CLANG_WARN_OBJC_ROOT_CLASS = YES_ERROR;
				CLANG_WARN_QUOTED_INCLUDE_IN_FRAMEWORK_HEADER = YES;
				CLANG_WARN_RANGE_LOOP_ANALYSIS = YES;
				CLANG_WARN_STRICT_PROTOTYPES = YES;
				CLANG_WARN_SUSPICIOUS_MOVE = YES;
				CLANG_WARN_UNGUARDED_AVAILABILITY = YES_AGGRESSIVE;
				CLANG_WARN_UNREACHABLE_CODE = YES;
				CLANG_WARN__DUPLICATE_METHOD_MATCH = YES;
				COPY_PHASE_STRIP = NO;
				DEBUG_INFORMATION_FORMAT = dwarf;
				ENABLE_STRICT_OBJC_MSGSEND = YES;
				ENABLE_TESTABILITY = YES;
				GCC_C_LANGUAGE_STANDARD = gnu11;
				GCC_DYNAMIC_NO_PIC = NO;
				GCC_NO_COMMON_BLOCKS = YES;
				GCC_OPTIMIZATION_LEVEL = 0;
				GCC_PREPROCESSOR_DEFINITIONS = (
					"DEBUG=1",
					"$(inherited)",
				);
				GCC_WARN_64_TO_32_BIT_CONVERSION = YES;
				GCC_WARN_ABOUT_RETURN_TYPE = YES_ERROR;
				GCC_WARN_UNDECLARED_SELECTOR = YES;
				GCC_WARN_UNINITIALIZED_AUTOS = YES_AGGRESSIVE;
				GCC_WARN_UNUSED_FUNCTION = YES;
				GCC_WARN_UNUSED_VARIABLE = YES;
				IPHONEOS_DEPLOYMENT_TARGET = 16.4;
				MTL_ENABLE_DEBUG_INFO = INCLUDE_SOURCE;
				MTL_FAST_MATH = YES;
				ONLY_ACTIVE_ARCH = YES;
				SDKROOT = iphoneos;
				SWIFT_ACTIVE_COMPILATION_CONDITIONS = DEBUG;
				SWIFT_OPTIMIZATION_LEVEL = "-Onone";
			};
			name = Debug;
		};
		CE9CA49F2A4964F600AECD10 /* Release */ = {
			isa = XCBuildConfiguration;
			buildSettings = {
				ALWAYS_SEARCH_USER_PATHS = NO;
				CLANG_ANALYZER_NONNULL = YES;
				CLANG_ANALYZER_NUMBER_OBJECT_CONVERSION = YES_AGGRESSIVE;
				CLANG_CXX_LANGUAGE_STANDARD = "gnu++20";
				CLANG_ENABLE_MODULES = YES;
				CLANG_ENABLE_OBJC_ARC = YES;
				CLANG_ENABLE_OBJC_WEAK = YES;
				CLANG_WARN_BLOCK_CAPTURE_AUTORELEASING = YES;
				CLANG_WARN_BOOL_CONVERSION = YES;
				CLANG_WARN_COMMA = YES;
				CLANG_WARN_CONSTANT_CONVERSION = YES;
				CLANG_WARN_DEPRECATED_OBJC_IMPLEMENTATIONS = YES;
				CLANG_WARN_DIRECT_OBJC_ISA_USAGE = YES_ERROR;
				CLANG_WARN_DOCUMENTATION_COMMENTS = YES;
				CLANG_WARN_EMPTY_BODY = YES;
				CLANG_WARN_ENUM_CONVERSION = YES;
				CLANG_WARN_INFINITE_RECURSION = YES;
				CLANG_WARN_INT_CONVERSION = YES;
				CLANG_WARN_NON_LITERAL_NULL_CONVERSION = YES;
				CLANG_WARN_OBJC_IMPLICIT_RETAIN_SELF = YES;
				CLANG_WARN_OBJC_LITERAL_CONVERSION = YES;
				CLANG_WARN_OBJC_ROOT_CLASS = YES_ERROR;
				CLANG_WARN_QUOTED_INCLUDE_IN_FRAMEWORK_HEADER = YES;
				CLANG_WARN_RANGE_LOOP_ANALYSIS = YES;
				CLANG_WARN_STRICT_PROTOTYPES = YES;
				CLANG_WARN_SUSPICIOUS_MOVE = YES;
				CLANG_WARN_UNGUARDED_AVAILABILITY = YES_AGGRESSIVE;
				CLANG_WARN_UNREACHABLE_CODE = YES;
				CLANG_WARN__DUPLICATE_METHOD_MATCH = YES;
				COPY_PHASE_STRIP = NO;
				DEBUG_INFORMATION_FORMAT = "dwarf-with-dsym";
				ENABLE_NS_ASSERTIONS = NO;
				ENABLE_STRICT_OBJC_MSGSEND = YES;
				GCC_C_LANGUAGE_STANDARD = gnu11;
				GCC_NO_COMMON_BLOCKS = YES;
				GCC_WARN_64_TO_32_BIT_CONVERSION = YES;
				GCC_WARN_ABOUT_RETURN_TYPE = YES_ERROR;
				GCC_WARN_UNDECLARED_SELECTOR = YES;
				GCC_WARN_UNINITIALIZED_AUTOS = YES_AGGRESSIVE;
				GCC_WARN_UNUSED_FUNCTION = YES;
				GCC_WARN_UNUSED_VARIABLE = YES;
				IPHONEOS_DEPLOYMENT_TARGET = 16.4;
				MTL_ENABLE_DEBUG_INFO = NO;
				MTL_FAST_MATH = YES;
				SDKROOT = iphoneos;
				SWIFT_COMPILATION_MODE = wholemodule;
				SWIFT_OPTIMIZATION_LEVEL = "-O";
				VALIDATE_PRODUCT = YES;
			};
			name = Release;
		};
		CE9CA4A12A4964F600AECD10 /* Debug */ = {
			isa = XCBuildConfiguration;
			buildSettings = {
				ASSETCATALOG_COMPILER_APPICON_NAME = AppIcon;
				ASSETCATALOG_COMPILER_GLOBAL_ACCENT_COLOR_NAME = AccentColor;
				CODE_SIGN_STYLE = Automatic;
				CURRENT_PROJECT_VERSION = 1;
				DEVELOPMENT_TEAM = 5H82298CCW;
				GENERATE_INFOPLIST_FILE = YES;
				INFOPLIST_FILE = Calculator/Info.plist;
				INFOPLIST_KEY_UIApplicationSupportsIndirectInputEvents = YES;
				INFOPLIST_KEY_UILaunchStoryboardName = LaunchScreen;
				INFOPLIST_KEY_UISupportedInterfaceOrientations_iPad = "UIInterfaceOrientationPortrait UIInterfaceOrientationPortraitUpsideDown UIInterfaceOrientationLandscapeLeft UIInterfaceOrientationLandscapeRight";
				INFOPLIST_KEY_UISupportedInterfaceOrientations_iPhone = "UIInterfaceOrientationPortrait UIInterfaceOrientationLandscapeLeft UIInterfaceOrientationLandscapeRight";
				LD_RUNPATH_SEARCH_PATHS = (
					"$(inherited)",
					"@executable_path/Frameworks",
				);
				MARKETING_VERSION = 1.0;
				PRODUCT_BUNDLE_IDENTIFIER = com.ninn.Calculator;
				PRODUCT_NAME = "$(TARGET_NAME)";
				SWIFT_EMIT_LOC_STRINGS = YES;
				SWIFT_VERSION = 5.0;
				TARGETED_DEVICE_FAMILY = "1,2";
			};
			name = Debug;
		};
		CE9CA4A22A4964F600AECD10 /* Release */ = {
			isa = XCBuildConfiguration;
			buildSettings = {
				ASSETCATALOG_COMPILER_APPICON_NAME = AppIcon;
				ASSETCATALOG_COMPILER_GLOBAL_ACCENT_COLOR_NAME = AccentColor;
				CODE_SIGN_STYLE = Automatic;
				CURRENT_PROJECT_VERSION = 1;
				DEVELOPMENT_TEAM = 5H82298CCW;
				GENERATE_INFOPLIST_FILE = YES;
				INFOPLIST_FILE = Calculator/Info.plist;
				INFOPLIST_KEY_UIApplicationSupportsIndirectInputEvents = YES;
				INFOPLIST_KEY_UILaunchStoryboardName = LaunchScreen;
				INFOPLIST_KEY_UISupportedInterfaceOrientations_iPad = "UIInterfaceOrientationPortrait UIInterfaceOrientationPortraitUpsideDown UIInterfaceOrientationLandscapeLeft UIInterfaceOrientationLandscapeRight";
				INFOPLIST_KEY_UISupportedInterfaceOrientations_iPhone = "UIInterfaceOrientationPortrait UIInterfaceOrientationLandscapeLeft UIInterfaceOrientationLandscapeRight";
				LD_RUNPATH_SEARCH_PATHS = (
					"$(inherited)",
					"@executable_path/Frameworks",
				);
				MARKETING_VERSION = 1.0;
				PRODUCT_BUNDLE_IDENTIFIER = com.ninn.Calculator;
				PRODUCT_NAME = "$(TARGET_NAME)";
				SWIFT_EMIT_LOC_STRINGS = YES;
				SWIFT_VERSION = 5.0;
				TARGETED_DEVICE_FAMILY = "1,2";
			};
			name = Release;
		};
		CE9CA4A42A4964F600AECD10 /* Debug */ = {
			isa = XCBuildConfiguration;
			buildSettings = {
				ALWAYS_EMBED_SWIFT_STANDARD_LIBRARIES = YES;
				BUNDLE_LOADER = "$(TEST_HOST)";
				CODE_SIGN_STYLE = Automatic;
				CURRENT_PROJECT_VERSION = 1;
				DEVELOPMENT_TEAM = 5H82298CCW;
				GENERATE_INFOPLIST_FILE = YES;
				IPHONEOS_DEPLOYMENT_TARGET = 16.4;
				MARKETING_VERSION = 1.0;
				PRODUCT_BUNDLE_IDENTIFIER = com.ninn.CalculatorTests;
				PRODUCT_NAME = "$(TARGET_NAME)";
				SWIFT_EMIT_LOC_STRINGS = NO;
				SWIFT_VERSION = 5.0;
				TARGETED_DEVICE_FAMILY = "1,2";
				TEST_HOST = "$(BUILT_PRODUCTS_DIR)/Calculator.app/$(BUNDLE_EXECUTABLE_FOLDER_PATH)/Calculator";
			};
			name = Debug;
		};
		CE9CA4A52A4964F600AECD10 /* Release */ = {
			isa = XCBuildConfiguration;
			buildSettings = {
				ALWAYS_EMBED_SWIFT_STANDARD_LIBRARIES = YES;
				BUNDLE_LOADER = "$(TEST_HOST)";
				CODE_SIGN_STYLE = Automatic;
				CURRENT_PROJECT_VERSION = 1;
				DEVELOPMENT_TEAM = 5H82298CCW;
				GENERATE_INFOPLIST_FILE = YES;
				IPHONEOS_DEPLOYMENT_TARGET = 16.4;
				MARKETING_VERSION = 1.0;
				PRODUCT_BUNDLE_IDENTIFIER = com.ninn.CalculatorTests;
				PRODUCT_NAME = "$(TARGET_NAME)";
				SWIFT_EMIT_LOC_STRINGS = NO;
				SWIFT_VERSION = 5.0;
				TARGETED_DEVICE_FAMILY = "1,2";
				TEST_HOST = "$(BUILT_PRODUCTS_DIR)/Calculator.app/$(BUNDLE_EXECUTABLE_FOLDER_PATH)/Calculator";
			};
			name = Release;
		};
		CE9CA4A72A4964F600AECD10 /* Debug */ = {
			isa = XCBuildConfiguration;
			buildSettings = {
				ALWAYS_EMBED_SWIFT_STANDARD_LIBRARIES = YES;
				CODE_SIGN_STYLE = Automatic;
				CURRENT_PROJECT_VERSION = 1;
				DEVELOPMENT_TEAM = 5H82298CCW;
				GENERATE_INFOPLIST_FILE = YES;
				MARKETING_VERSION = 1.0;
				PRODUCT_BUNDLE_IDENTIFIER = com.ninn.CalculatorUITests;
				PRODUCT_NAME = "$(TARGET_NAME)";
				SWIFT_EMIT_LOC_STRINGS = NO;
				SWIFT_VERSION = 5.0;
				TARGETED_DEVICE_FAMILY = "1,2";
				TEST_TARGET_NAME = Calculator;
			};
			name = Debug;
		};
		CE9CA4A82A4964F600AECD10 /* Release */ = {
			isa = XCBuildConfiguration;
			buildSettings = {
				ALWAYS_EMBED_SWIFT_STANDARD_LIBRARIES = YES;
				CODE_SIGN_STYLE = Automatic;
				CURRENT_PROJECT_VERSION = 1;
				DEVELOPMENT_TEAM = 5H82298CCW;
				GENERATE_INFOPLIST_FILE = YES;
				MARKETING_VERSION = 1.0;
				PRODUCT_BUNDLE_IDENTIFIER = com.ninn.CalculatorUITests;
				PRODUCT_NAME = "$(TARGET_NAME)";
				SWIFT_EMIT_LOC_STRINGS = NO;
				SWIFT_VERSION = 5.0;
				TARGETED_DEVICE_FAMILY = "1,2";
				TEST_TARGET_NAME = Calculator;
			};
			name = Release;
		};
/* End XCBuildConfiguration section */

/* Begin XCConfigurationList section */
		CE9CA4712A4964F400AECD10 /* Build configuration list for PBXProject "Calculator" */ = {
			isa = XCConfigurationList;
			buildConfigurations = (
				CE9CA49E2A4964F600AECD10 /* Debug */,
				CE9CA49F2A4964F600AECD10 /* Release */,
			);
			defaultConfigurationIsVisible = 0;
			defaultConfigurationName = Release;
		};
		CE9CA4A02A4964F600AECD10 /* Build configuration list for PBXNativeTarget "Calculator" */ = {
			isa = XCConfigurationList;
			buildConfigurations = (
				CE9CA4A12A4964F600AECD10 /* Debug */,
				CE9CA4A22A4964F600AECD10 /* Release */,
			);
			defaultConfigurationIsVisible = 0;
			defaultConfigurationName = Release;
		};
		CE9CA4A32A4964F600AECD10 /* Build configuration list for PBXNativeTarget "CalculatorTests" */ = {
			isa = XCConfigurationList;
			buildConfigurations = (
				CE9CA4A42A4964F600AECD10 /* Debug */,
				CE9CA4A52A4964F600AECD10 /* Release */,
			);
			defaultConfigurationIsVisible = 0;
			defaultConfigurationName = Release;
		};
		CE9CA4A62A4964F600AECD10 /* Build configuration list for PBXNativeTarget "CalculatorUITests" */ = {
			isa = XCConfigurationList;
			buildConfigurations = (
				CE9CA4A72A4964F600AECD10 /* Debug */,
				CE9CA4A82A4964F600AECD10 /* Release */,
			);
			defaultConfigurationIsVisible = 0;
			defaultConfigurationName = Release;
		};
/* End XCConfigurationList section */

/* Begin XCRemoteSwiftPackageReference section */
		CE9CA4AC2A4969AE00AECD10 /* XCRemoteSwiftPackageReference "SnapKit" */ = {
			isa = XCRemoteSwiftPackageReference;
			repositoryURL = "https://github.com/SnapKit/SnapKit";
			requirement = {
				kind = upToNextMajorVersion;
				minimumVersion = 5.0.0;
			};
		};
		CE9CA4B12A496A7300AECD10 /* XCRemoteSwiftPackageReference "swift-snapshot-testing" */ = {
			isa = XCRemoteSwiftPackageReference;
			repositoryURL = "https://github.com/pointfreeco/swift-snapshot-testing";
			requirement = {
				kind = upToNextMinorVersion;
				minimumVersion = 1.11.0;
			};
		};
		CE9CA4D32A497D7C00AECD10 /* XCRemoteSwiftPackageReference "CombineCocoa" */ = {
			isa = XCRemoteSwiftPackageReference;
			repositoryURL = "https://github.com/CombineCommunity/CombineCocoa";
			requirement = {
				kind = upToNextMinorVersion;
				minimumVersion = 0.4.1;
			};
		};
/* End XCRemoteSwiftPackageReference section */

/* Begin XCSwiftPackageProductDependency section */
		CE9CA4AD2A4969AE00AECD10 /* SnapKit */ = {
			isa = XCSwiftPackageProductDependency;
			package = CE9CA4AC2A4969AE00AECD10 /* XCRemoteSwiftPackageReference "SnapKit" */;
			productName = SnapKit;
		};
		CE9CA4B22A496A7300AECD10 /* SnapshotTesting */ = {
			isa = XCSwiftPackageProductDependency;
			package = CE9CA4B12A496A7300AECD10 /* XCRemoteSwiftPackageReference "swift-snapshot-testing" */;
			productName = SnapshotTesting;
		};
		CE9CA4D42A497D7C00AECD10 /* CombineCocoa */ = {
			isa = XCSwiftPackageProductDependency;
			package = CE9CA4D32A497D7C00AECD10 /* XCRemoteSwiftPackageReference "CombineCocoa" */;
			productName = CombineCocoa;
		};
		CE9CA4D72A497D8A00AECD10 /* CombineCocoa */ = {
			isa = XCSwiftPackageProductDependency;
			package = CE9CA4D32A497D7C00AECD10 /* XCRemoteSwiftPackageReference "CombineCocoa" */;
			productName = CombineCocoa;
		};
		CE9CA4D92A497D8E00AECD10 /* CombineCocoa */ = {
			isa = XCSwiftPackageProductDependency;
			package = CE9CA4D32A497D7C00AECD10 /* XCRemoteSwiftPackageReference "CombineCocoa" */;
			productName = CombineCocoa;
		};
/* End XCSwiftPackageProductDependency section */
	};
	rootObject = CE9CA46E2A4964F400AECD10 /* Project object */;
}
